
Microsoft Visual Studio Solution File, Format Version 12.00
# Visual Studio 2012
Project("{FAE04EC0-301F-11D3-BF4B-00C04F79EFBC}") = "BivoApp", "BivoApp\BivoApp.csproj", "{FE4375FF-A382-4601-B273-F24E890A03AA}"
EndProject
Project("{FAE04EC0-301F-11D3-BF4B-00C04F79EFBC}") = "WindowsPhonePostClient", "WindowsPhonePostClient\WindowsPhonePostClient\WindowsPhonePostClient\WindowsPhonePostClient.csproj", "{16BE6C84-6A8D-4A2C-B5D7-162F7F9E83F5}"
EndProject
Global
	GlobalSection(SolutionConfigurationPlatforms) = preSolution
		Debug|Any CPU = Debug|Any CPU
		Debug|ARM = Debug|ARM
		Debug|x86 = Debug|x86
		Release|Any CPU = Release|Any CPU
		Release|ARM = Release|ARM
		Release|x86 = Release|x86
	EndGlobalSection
	GlobalSection(ProjectConfigurationPlatforms) = postSolution
		{FE4375FF-A382-4601-B273-F24E890A03AA}.Debug|Any CPU.ActiveCfg = Debug|Any CPU
		{FE4375FF-A382-4601-B273-F24E890A03AA}.Debug|Any CPU.Build.0 = Debug|Any CPU
		{FE4375FF-A382-4601-B273-F24E890A03AA}.Debug|Any CPU.Deploy.0 = Debug|Any CPU
		{FE4375FF-A382-4601-B273-F24E890A03AA}.Debug|ARM.ActiveCfg = Debug|ARM
		{FE4375FF-A382-4601-B273-F24E890A03AA}.Debug|ARM.Build.0 = Debug|ARM
		{FE4375FF-A382-4601-B273-F24E890A03AA}.Debug|ARM.Deploy.0 = Debug|ARM
		{FE4375FF-A382-4601-B273-F24E890A03AA}.Debug|x86.ActiveCfg = Debug|x86
		{FE4375FF-A382-4601-B273-F24E890A03AA}.Debug|x86.Build.0 = Debug|x86
		{FE4375FF-A382-4601-B273-F24E890A03AA}.Debug|x86.Deploy.0 = Debug|x86
		{FE4375FF-A382-4601-B273-F24E890A03AA}.Release|Any CPU.ActiveCfg = Release|Any CPU
		{FE4375FF-A382-4601-B273-F24E890A03AA}.Release|Any CPU.Build.0 = Release|Any CPU
		{FE4375FF-A382-4601-B273-F24E890A03AA}.Release|Any CPU.Deploy.0 = Release|Any CPU
		{FE4375FF-A382-4601-B273-F24E890A03AA}.Release|ARM.ActiveCfg = Release|ARM
		{FE4375FF-A382-4601-B273-F24E890A03AA}.Release|ARM.Build.0 = Release|ARM
		{FE4375FF-A382-4601-B273-F24E890A03AA}.Release|ARM.Deploy.0 = Release|ARM
		{FE4375FF-A382-4601-B273-F24E890A03AA}.Release|x86.ActiveCfg = Release|x86
		{FE4375FF-A382-4601-B273-F24E890A03AA}.Release|x86.Build.0 = Release|x86
		{FE4375FF-A382-4601-B273-F24E890A03AA}.Release|x86.Deploy.0 = Release|x86
		{16BE6C84-6A8D-4A2C-B5D7-162F7F9E83F5}.Debug|Any CPU.ActiveCfg = Debug|Any CPU
		{16BE6C84-6A8D-4A2C-B5D7-162F7F9E83F5}.Debug|Any CPU.Build.0 = Debug|Any CPU
		{16BE6C84-6A8D-4A2C-B5D7-162F7F9E83F5}.Debug|ARM.ActiveCfg = Debug|Any CPU
		{16BE6C84-6A8D-4A2C-B5D7-162F7F9E83F5}.Debug|x86.ActiveCfg = Debug|Any CPU
		{16BE6C84-6A8D-4A2C-B5D7-162F7F9E83F5}.Release|Any CPU.ActiveCfg = Release|Any CPU
		{16BE6C84-6A8D-4A2C-B5D7-162F7F9E83F5}.Release|Any CPU.Build.0 = Release|Any CPU
		{16BE6C84-6A8D-4A2C-B5D7-162F7F9E83F5}.Release|ARM.ActiveCfg = Release|Any CPU
		{16BE6C84-6A8D-4A2C-B5D7-162F7F9E83F5}.Release|x86.ActiveCfg = Release|Any CPU
	EndGlobalSection
	GlobalSection(SolutionProperties) = preSolution
		HideSolutionNode = FALSE
	EndGlobalSection
EndGlobal
